# This file is autogenerated, do not edit; changes may be undone by the next 'dep ensure'.


[[projects]]
  name = "github.com/cockroachdb/apd"
  packages = ["."]
  revision = "b1ce49cb2a474f4416531e7395373eaafaa4fbe2"
  version = "v1.0.0"

[[projects]]
  name = "github.com/pkg/errors"
  packages = ["."]
  revision = "645ef00459ed84a119197bfb8d8205042c6df63d"
  version = "v0.8.0"

[[projects]]
  name = "github.com/shopspring/decimal"
  packages = ["."]
  revision = "69b3a8ad1f5f2c8bd855cb6506d18593064a346b"
  version = "1.0.1"

[solve-meta]
  analyzer-name = "dep"
  analyzer-version = 1
  inputs-digest = "b506f0d08b2a599ccfa3d9e18e1ea23891b877fec356b60638f1362d3b4dfa8e"
  solver-name = "gps-cdcl"
  solver-version = 1
