# This file is autogenerated, do not edit; changes may be undone by the next 'dep ensure'.


[[projects]]
  name = "github.com/cockroachdb/apd"
  packages = ["."]
  revision = "b1ce49cb2a474f4416531e7395373eaafaa4fbe2"
  version = "v1.0.0"

[[projects]]
  name = "github.com/pkg/errors"
  packages = ["."]
  revision = "645ef00459ed84a119197bfb8d8205042c6df63d"
  version = "v0.8.0"

[solve-meta]
  analyzer-name = "dep"
  analyzer-version = 1
  inputs-digest = "f5cdd50b2e889200aae6f53bf153cce544660e0371cb7a66d7f8e2c52d253819"
  solver-name = "gps-cdcl"
  solver-version = 1
